<Solution>
  <Project Path="PhotonUnityNetworking.csproj" />
  <Project Path="PhotonUnityNetworking.Utilities.PhotonPlayer.Editor.csproj" />
  <Project Path="NaughtyAttributes.Test.csproj" />
  <Project Path="NaughtyAttributes.Core.csproj" />
  <Project Path="PhotonUnityNetworking.Demos.csproj" />
  <Project Path="PhotonUnityNetworking.Utilities.csproj" />
  <Project Path="Assembly-CSharp.csproj" />
  <Project Path="NaughtyAttributes.Editor.csproj" />
  <Project Path="PhotonRealtime.csproj" />
  <Project Path="PhotonUnityNetworking.Utilities.Culling.Editor.csproj" />
  <Project Path="Assembly-CSharp-firstpass.csproj" />
  <Project Path="Assembly-CSharp-Editor.csproj" />
  <Project Path="Unity.ProGrids.Editor.csproj" />
  <Project Path="PhotonUnityNetworking.Editor.csproj" />
  <Project Path="Unity.ProGrids.Editor.Tests.csproj" />
  <Project Path="Unity.ProGrids.csproj" />
  <Project Path="PhotonChat.csproj" />
  <Project Path="Unity.ProGrids.Runtime.Tests.csproj" />
  <Project Path="PunDemos.DemoSlotcarEditor.csproj" />
  <Project Path="PunDemos.DemoHubEditor.csproj" />
</Solution>
